<?xml version="1.0" encoding="utf-8"?>
<Project ToolsVersion="4.0" xmlns="http://schemas.microsoft.com/developer/msbuild/2003">
  <ItemGroup>
    <Filter Include="源">
      <UniqueIdentifier>{be6d368f-5bb5-490b-a8e8-558d6c30039a}</UniqueIdentifier>
      <Extensions>cpp;c;cxx;def;odl;idl;hpj;bat;asm;asmx</Extensions>
    </Filter>
    <Filter Include="头">
      <UniqueIdentifier>{d90e8aaa-4f3c-45c3-b0d3-f15ccc511427}</UniqueIdentifier>
      <Extensions>h;hpp;hxx;hm;inl;inc;xsd</Extensions>
    </Filter>
    <Filter Include="资源">
      <UniqueIdentifier>{edc80b1a-ed89-4151-ad59-66973a64e58c}</UniqueIdentifier>
      <Extensions>rc;ico;cur;bmp;dlg;rc2;rct;bin;rgs;gif;jpg;jpeg;jpe;resx</Extensions>
    </Filter>
  </ItemGroup>
  <ItemGroup>
    <ClCompile Include="AVInputStream.cpp">
      <Filter>源</Filter>
    </ClCompile>
    <ClCompile Include="AVOutputStream.cpp">
      <Filter>源</Filter>
    </ClCompile>
    <ClCompile Include="ChildView.cpp">
      <Filter>源</Filter>
    </ClCompile>
    <ClCompile Include="ImagePainter.cpp">
      <Filter>源</Filter>
    </ClCompile>
    <ClCompile Include="MainFrm.cpp">
      <Filter>源</Filter>
    </ClCompile>
    <ClCompile Include="NSPlayer.cpp">
      <Filter>源</Filter>
    </ClCompile>
    <ClCompile Include="PProfile.cpp">
      <Filter>源</Filter>
    </ClCompile>
    <ClCompile Include="SelectCaptureDeviceDlg.cpp">
      <Filter>源</Filter>
    </ClCompile>
    <ClCompile Include="stdafx.cpp">
      <Filter>源</Filter>
    </ClCompile>
    <ClCompile Include="VideoDisplayWnd.cpp">
      <Filter>源</Filter>
    </ClCompile>
    <ClCompile Include="DeviceEnumerator.cpp">
      <Filter>源</Filter>
    </ClCompile>
  </ItemGroup>
  <ItemGroup>
    <ClInclude Include="AVInputStream.h">
      <Filter>头</Filter>
    </ClInclude>
    <ClInclude Include="AVOutputStream.h">
      <Filter>头</Filter>
    </ClInclude>
    <ClInclude Include="ChildView.h">
      <Filter>头</Filter>
    </ClInclude>
    <ClInclude Include="ImagePainter.h">
      <Filter>头</Filter>
    </ClInclude>
    <ClInclude Include="MainFrm.h">
      <Filter>头</Filter>
    </ClInclude>
    <ClInclude Include="NSPlayer.h">
      <Filter>头</Filter>
    </ClInclude>
    <ClInclude Include="PProfile.h">
      <Filter>头</Filter>
    </ClInclude>
    <ClInclude Include="Resource.h">
      <Filter>头</Filter>
    </ClInclude>
    <ClInclude Include="SelectCaptureDeviceDlg.h">
      <Filter>头</Filter>
    </ClInclude>
    <ClInclude Include="stdafx.h">
      <Filter>头</Filter>
    </ClInclude>
    <ClInclude Include="targetver.h">
      <Filter>头</Filter>
    </ClInclude>
    <ClInclude Include="VideoDisplayWnd.h">
      <Filter>头</Filter>
    </ClInclude>
    <ClInclude Include="wxutil2.h">
      <Filter>头</Filter>
    </ClInclude>
    <ClInclude Include="DeviceEnumerator.h">
      <Filter>头</Filter>
    </ClInclude>
  </ItemGroup>
  <ItemGroup>
    <Image Include="res\NSPlayer.ico">
      <Filter>资源</Filter>
    </Image>
  </ItemGroup>
  <ItemGroup>
    <ResourceCompile Include="NSPlayer.rc">
      <Filter>资源</Filter>
    </ResourceCompile>
  </ItemGroup>
  <ItemGroup>
    <None Include="res\NSPlayer.rc2">
      <Filter>资源</Filter>
    </None>
    <None Include="..\.gitignore" />
    <None Include="..\READMe.md" />
  </ItemGroup>
  <ItemGroup>
    <CustomBuild Include="res\NSPlayer.manifest" />
  </ItemGroup>
</Project>